
Microsoft Visual Studio Solution File, Format Version 12.00
# Visual Studio Version 17
VisualStudioVersion = 17.10.35122.118
MinimumVisualStudioVersion = 10.0.40219.1
Project("{FAE04EC0-301F-11D3-BF4B-00C04F79EFBC}") = "FinalProject", "FinalProject.csproj", "{D206C6BE-950F-40D2-A25B-614C96C471B6}"
EndProject
Global
	GlobalSection(SolutionConfigurationPlatforms) = preSolution
		Debug|Any CPU = Debug|Any CPU
		Release|Any CPU = Release|Any CPU
	EndGlobalSection
	GlobalSection(ProjectConfigurationPlatforms) = postSolution
		{D206C6BE-950F-40D2-A25B-614C96C471B6}.Debug|Any CPU.ActiveCfg = Debug|Any CPU
		{D206C6BE-950F-40D2-A25B-614C96C471B6}.Debug|Any CPU.Build.0 = Debug|Any CPU
		{D206C6BE-950F-40D2-A25B-614C96C471B6}.Release|Any CPU.ActiveCfg = Release|Any CPU
		{D206C6BE-950F-40D2-A25B-614C96C471B6}.Release|Any CPU.Build.0 = Release|Any CPU
	EndGlobalSection
	GlobalSection(SolutionProperties) = preSolution
		HideSolutionNode = FALSE
	EndGlobalSection
	GlobalSection(ExtensibilityGlobals) = postSolution
		SolutionGuid = {AF87D75B-AAB8-4FFB-82BA-EBF2074ECE78}
	EndGlobalSection
EndGlobal
